
Microsoft Visual Studio Solution File, Format Version 12.00
Project("{FAE04EC0-301F-11D3-BF4B-00C04F79EFBC}") = "Web", "Web\Web.csproj", "{A9527FB4-9A53-4AEA-BDAE-D259B4DE6BEE}"
EndProject
Project("{FAE04EC0-301F-11D3-BF4B-00C04F79EFBC}") = "Applicaiton", "Applicaiton\Applicaiton.csproj", "{92C69385-DAF1-4AB2-9FBC-BA3351B24D47}"
EndProject
Global
	GlobalSection(SolutionConfigurationPlatforms) = preSolution
		Debug|Any CPU = Debug|Any CPU
		Release|Any CPU = Release|Any CPU
	EndGlobalSection
	GlobalSection(ProjectConfigurationPlatforms) = postSolution
		{A9527FB4-9A53-4AEA-BDAE-D259B4DE6BEE}.Debug|Any CPU.ActiveCfg = Debug|Any CPU
		{A9527FB4-9A53-4AEA-BDAE-D259B4DE6BEE}.Debug|Any CPU.Build.0 = Debug|Any CPU
		{A9527FB4-9A53-4AEA-BDAE-D259B4DE6BEE}.Release|Any CPU.ActiveCfg = Release|Any CPU
		{A9527FB4-9A53-4AEA-BDAE-D259B4DE6BEE}.Release|Any CPU.Build.0 = Release|Any CPU
		{92C69385-DAF1-4AB2-9FBC-BA3351B24D47}.Debug|Any CPU.ActiveCfg = Debug|Any CPU
		{92C69385-DAF1-4AB2-9FBC-BA3351B24D47}.Debug|Any CPU.Build.0 = Debug|Any CPU
		{92C69385-DAF1-4AB2-9FBC-BA3351B24D47}.Release|Any CPU.ActiveCfg = Release|Any CPU
		{92C69385-DAF1-4AB2-9FBC-BA3351B24D47}.Release|Any CPU.Build.0 = Release|Any CPU
	EndGlobalSection
	GlobalSection(NestedProjects) = preSolution
	EndGlobalSection
EndGlobal
